// !$*UTF8*$!
{
	archiveVersion = 1;
	classes = {
	};
	objectVersion = 46;
	objects = {

/* Begin PBXBuildFile section */
		D74EB64C1B35719900A44A38 /* Data.swift in Sources */ = {isa = PBXBuildFile; fileRef = D74EB64B1B35719900A44A38 /* Data.swift */; };
		D74EB6501B36448900A44A38 /* Misc.swift in Sources */ = {isa = PBXBuildFile; fileRef = D74EB64F1B36448900A44A38 /* Misc.swift */; };
		D7AFCB4A1B303461006B328B /* AppDelegate.swift in Sources */ = {isa = PBXBuildFile; fileRef = D7AFCB491B303461006B328B /* AppDelegate.swift */; };
		D7AFCB521B303461006B328B /* ShotsApp2.xcdatamodeld in Sources */ = {isa = PBXBuildFile; fileRef = D7AFCB501B303461006B328B /* ShotsApp2.xcdatamodeld */; };
		D7AFCB541B303461006B328B /* Assets.xcassets in Resources */ = {isa = PBXBuildFile; fileRef = D7AFCB531B303461006B328B /* Assets.xcassets */; };
		D7AFCB571B303461006B328B /* LaunchScreen.storyboard in Resources */ = {isa = PBXBuildFile; fileRef = D7AFCB551B303461006B328B /* LaunchScreen.storyboard */; };
		D7AFCB621B303462006B328B /* ShotsApp2Tests.swift in Sources */ = {isa = PBXBuildFile; fileRef = D7AFCB611B303462006B328B /* ShotsApp2Tests.swift */; };
		D7AFCB6D1B303462006B328B /* ShotsApp2UITests.swift in Sources */ = {isa = PBXBuildFile; fileRef = D7AFCB6C1B303462006B328B /* ShotsApp2UITests.swift */; };
		D7AFCB7F1B30359F006B328B /* Main.storyboard in Resources */ = {isa = PBXBuildFile; fileRef = D7AFCB7E1B30359F006B328B /* Main.storyboard */; };
		D7AFCB811B304D08006B328B /* DetailViewController.swift in Sources */ = {isa = PBXBuildFile; fileRef = D7AFCB801B304D08006B328B /* DetailViewController.swift */; };
		D7BFF1CE1B319FEE00C6F3B7 /* Home.swift in Sources */ = {isa = PBXBuildFile; fileRef = D7BFF1CD1B319FEE00C6F3B7 /* Home.swift */; };
		D7C57AAF1B32AC3200B504C1 /* BlurView.swift in Sources */ = {isa = PBXBuildFile; fileRef = D7C57AAE1B32AC3200B504C1 /* BlurView.swift */; };
		D7C57AB01B32AD3800B504C1 /* ShotsApp2.app in Sources */ = {isa = PBXBuildFile; fileRef = D7AFCB461B303461006B328B /* ShotsApp2.app */; };
		D7C57AB11B32AD3800B504C1 /* ShotsApp2Tests.xctest in Sources */ = {isa = PBXBuildFile; fileRef = D7AFCB5D1B303462006B328B /* ShotsApp2Tests.xctest */; };
		D7C57AB21B32AD3800B504C1 /* ShotsApp2UITests.xctest in Sources */ = {isa = PBXBuildFile; fileRef = D7AFCB681B303462006B328B /* ShotsApp2UITests.xctest */; };
		D7C57AB41B33A4CF00B504C1 /* SpringAnimation.swift in Sources */ = {isa = PBXBuildFile; fileRef = D7C57AB31B33A4CF00B504C1 /* SpringAnimation.swift */; };
		D7E74A461B32AACE006FA3A0 /* Spring in Resources */ = {isa = PBXBuildFile; fileRef = D7E74A451B32AACE006FA3A0 /* Spring */; };
/* End PBXBuildFile section */

/* Begin PBXContainerItemProxy section */
		D7AFCB5E1B303462006B328B /* PBXContainerItemProxy */ = {
			isa = PBXContainerItemProxy;
			containerPortal = D7AFCB3E1B303461006B328B /* Project object */;
			proxyType = 1;
			remoteGlobalIDString = D7AFCB451B303461006B328B;
			remoteInfo = ShotsApp2;
		};
		D7AFCB691B303462006B328B /* PBXContainerItemProxy */ = {
			isa = PBXContainerItemProxy;
			containerPortal = D7AFCB3E1B303461006B328B /* Project object */;
			proxyType = 1;
			remoteGlobalIDString = D7AFCB451B303461006B328B;
			remoteInfo = ShotsApp2;
		};
/* End PBXContainerItemProxy section */

/* Begin PBXFileReference section */
		D74EB64B1B35719900A44A38 /* Data.swift */ = {isa = PBXFileReference; fileEncoding = 4; lastKnownFileType = sourcecode.swift; path = Data.swift; sourceTree = "<group>"; };
		D74EB64F1B36448900A44A38 /* Misc.swift */ = {isa = PBXFileReference; fileEncoding = 4; lastKnownFileType = sourcecode.swift; path = Misc.swift; sourceTree = "<group>"; };
		D7AFCB461B303461006B328B /* ShotsApp2.app */ = {isa = PBXFileReference; explicitFileType = wrapper.application; includeInIndex = 0; path = ShotsApp2.app; sourceTree = BUILT_PRODUCTS_DIR; };
		D7AFCB491B303461006B328B /* AppDelegate.swift */ = {isa = PBXFileReference; lastKnownFileType = sourcecode.swift; path = AppDelegate.swift; sourceTree = "<group>"; };
		D7AFCB511B303461006B328B /* ShotsApp2.xcdatamodel */ = {isa = PBXFileReference; lastKnownFileType = wrapper.xcdatamodel; path = ShotsApp2.xcdatamodel; sourceTree = "<group>"; };
		D7AFCB531B303461006B328B /* Assets.xcassets */ = {isa = PBXFileReference; lastKnownFileType = folder.assetcatalog; path = Assets.xcassets; sourceTree = "<group>"; };
		D7AFCB561B303461006B328B /* Base */ = {isa = PBXFileReference; lastKnownFileType = file.storyboard; name = Base; path = Base.lproj/LaunchScreen.storyboard; sourceTree = "<group>"; };
		D7AFCB581B303461006B328B /* Info.plist */ = {isa = PBXFileReference; lastKnownFileType = text.plist.xml; path = Info.plist; sourceTree = "<group>"; };
		D7AFCB5D1B303462006B328B /* ShotsApp2Tests.xctest */ = {isa = PBXFileReference; explicitFileType = wrapper.cfbundle; includeInIndex = 0; path = ShotsApp2Tests.xctest; sourceTree = BUILT_PRODUCTS_DIR; };
		D7AFCB611B303462006B328B /* ShotsApp2Tests.swift */ = {isa = PBXFileReference; lastKnownFileType = sourcecode.swift; path = ShotsApp2Tests.swift; sourceTree = "<group>"; };
		D7AFCB631B303462006B328B /* Info.plist */ = {isa = PBXFileReference; lastKnownFileType = text.plist.xml; path = Info.plist; sourceTree = "<group>"; };
		D7AFCB681B303462006B328B /* ShotsApp2UITests.xctest */ = {isa = PBXFileReference; explicitFileType = wrapper.cfbundle; includeInIndex = 0; path = ShotsApp2UITests.xctest; sourceTree = BUILT_PRODUCTS_DIR; };
		D7AFCB6C1B303462006B328B /* ShotsApp2UITests.swift */ = {isa = PBXFileReference; lastKnownFileType = sourcecode.swift; path = ShotsApp2UITests.swift; sourceTree = "<group>"; };
		D7AFCB6E1B303462006B328B /* Info.plist */ = {isa = PBXFileReference; lastKnownFileType = text.plist.xml; path = Info.plist; sourceTree = "<group>"; };
		D7AFCB7D1B30353C006B328B /* TipoType - Libertad.otf */ = {isa = PBXFileReference; lastKnownFileType = file; path = "TipoType - Libertad.otf"; sourceTree = "<group>"; };
		D7AFCB7E1B30359F006B328B /* Main.storyboard */ = {isa = PBXFileReference; fileEncoding = 4; lastKnownFileType = file.storyboard; path = Main.storyboard; sourceTree = "<group>"; };
		D7AFCB801B304D08006B328B /* DetailViewController.swift */ = {isa = PBXFileReference; fileEncoding = 4; lastKnownFileType = sourcecode.swift; path = DetailViewController.swift; sourceTree = "<group>"; };
		D7BFF1CD1B319FEE00C6F3B7 /* Home.swift */ = {isa = PBXFileReference; fileEncoding = 4; lastKnownFileType = sourcecode.swift; path = Home.swift; sourceTree = "<group>"; };
		D7C57AAE1B32AC3200B504C1 /* BlurView.swift */ = {isa = PBXFileReference; fileEncoding = 4; lastKnownFileType = sourcecode.swift; name = BlurView.swift; path = Spring/BlurView.swift; sourceTree = "<group>"; };
		D7C57AB31B33A4CF00B504C1 /* SpringAnimation.swift */ = {isa = PBXFileReference; fileEncoding = 4; lastKnownFileType = sourcecode.swift; name = SpringAnimation.swift; path = Spring/SpringAnimation.swift; sourceTree = "<group>"; };
		D7E74A451B32AACE006FA3A0 /* Spring */ = {isa = PBXFileReference; lastKnownFileType = folder; path = Spring; sourceTree = "<group>"; };
/* End PBXFileReference section */

/* Begin PBXFrameworksBuildPhase section */
		D7AFCB431B303461006B328B /* Frameworks */ = {
			isa = PBXFrameworksBuildPhase;
			buildActionMask = 2147483647;
			files = (
			);
			runOnlyForDeploymentPostprocessing = 0;
		};
		D7AFCB5A1B303462006B328B /* Frameworks */ = {
			isa = PBXFrameworksBuildPhase;
			buildActionMask = 2147483647;
			files = (
			);
			runOnlyForDeploymentPostprocessing = 0;
		};
		D7AFCB651B303462006B328B /* Frameworks */ = {
			isa = PBXFrameworksBuildPhase;
			buildActionMask = 2147483647;
			files = (
			);
			runOnlyForDeploymentPostprocessing = 0;
		};
/* End PBXFrameworksBuildPhase section */

/* Begin PBXGroup section */
		D7AFCB3D1B303461006B328B = {
			isa = PBXGroup;
			children = (
				D7AFCB481B303461006B328B /* ShotsApp2 */,
				D7AFCB601B303462006B328B /* ShotsApp2Tests */,
				D7AFCB6B1B303462006B328B /* ShotsApp2UITests */,
				D7AFCB471B303461006B328B /* Products */,
			);
			sourceTree = "<group>";
		};
		D7AFCB471B303461006B328B /* Products */ = {
			isa = PBXGroup;
			children = (
				D7AFCB461B303461006B328B /* ShotsApp2.app */,
				D7AFCB5D1B303462006B328B /* ShotsApp2Tests.xctest */,
				D7AFCB681B303462006B328B /* ShotsApp2UITests.xctest */,
			);
			name = Products;
			sourceTree = "<group>";
		};
		D7AFCB481B303461006B328B /* ShotsApp2 */ = {
			isa = PBXGroup;
			children = (
				D7C57AAE1B32AC3200B504C1 /* BlurView.swift */,
				D74EB64F1B36448900A44A38 /* Misc.swift */,
				D7C57AB31B33A4CF00B504C1 /* SpringAnimation.swift */,
				D7E74A451B32AACE006FA3A0 /* Spring */,
				D7AFCB7D1B30353C006B328B /* TipoType - Libertad.otf */,
				D7AFCB491B303461006B328B /* AppDelegate.swift */,
				D74EB64B1B35719900A44A38 /* Data.swift */,
				D7BFF1CD1B319FEE00C6F3B7 /* Home.swift */,
				D7AFCB801B304D08006B328B /* DetailViewController.swift */,
				D7AFCB7E1B30359F006B328B /* Main.storyboard */,
				D7AFCB531B303461006B328B /* Assets.xcassets */,
				D7AFCB551B303461006B328B /* LaunchScreen.storyboard */,
				D7AFCB581B303461006B328B /* Info.plist */,
				D7AFCB501B303461006B328B /* ShotsApp2.xcdatamodeld */,
			);
			path = ShotsApp2;
			sourceTree = "<group>";
		};
		D7AFCB601B303462006B328B /* ShotsApp2Tests */ = {
			isa = PBXGroup;
			children = (
				D7AFCB611B303462006B328B /* ShotsApp2Tests.swift */,
				D7AFCB631B303462006B328B /* Info.plist */,
			);
			path = ShotsApp2Tests;
			sourceTree = "<group>";
		};
		D7AFCB6B1B303462006B328B /* ShotsApp2UITests */ = {
			isa = PBXGroup;
			children = (
				D7AFCB6C1B303462006B328B /* ShotsApp2UITests.swift */,
				D7AFCB6E1B303462006B328B /* Info.plist */,
			);
			path = ShotsApp2UITests;
			sourceTree = "<group>";
		};
/* End PBXGroup section */

/* Begin PBXNativeTarget section */
		D7AFCB451B303461006B328B /* ShotsApp2 */ = {
			isa = PBXNativeTarget;
			buildConfigurationList = D7AFCB711B303462006B328B /* Build configuration list for PBXNativeTarget "ShotsApp2" */;
			buildPhases = (
				D7AFCB421B303461006B328B /* Sources */,
				D7AFCB431B303461006B328B /* Frameworks */,
				D7AFCB441B303461006B328B /* Resources */,
			);
			buildRules = (
			);
			dependencies = (
			);
			name = ShotsApp2;
			productName = ShotsApp2;
			productReference = D7AFCB461B303461006B328B /* ShotsApp2.app */;
			productType = "com.apple.product-type.application";
		};
		D7AFCB5C1B303462006B328B /* ShotsApp2Tests */ = {
			isa = PBXNativeTarget;
			buildConfigurationList = D7AFCB741B303462006B328B /* Build configuration list for PBXNativeTarget "ShotsApp2Tests" */;
			buildPhases = (
				D7AFCB591B303462006B328B /* Sources */,
				D7AFCB5A1B303462006B328B /* Frameworks */,
				D7AFCB5B1B303462006B328B /* Resources */,
			);
			buildRules = (
			);
			dependencies = (
				D7AFCB5F1B303462006B328B /* PBXTargetDependency */,
			);
			name = ShotsApp2Tests;
			productName = ShotsApp2Tests;
			productReference = D7AFCB5D1B303462006B328B /* ShotsApp2Tests.xctest */;
			productType = "com.apple.product-type.bundle.unit-test";
		};
		D7AFCB671B303462006B328B /* ShotsApp2UITests */ = {
			isa = PBXNativeTarget;
			buildConfigurationList = D7AFCB771B303462006B328B /* Build configuration list for PBXNativeTarget "ShotsApp2UITests" */;
			buildPhases = (
				D7AFCB641B303462006B328B /* Sources */,
				D7AFCB651B303462006B328B /* Frameworks */,
				D7AFCB661B303462006B328B /* Resources */,
			);
			buildRules = (
			);
			dependencies = (
				D7AFCB6A1B303462006B328B /* PBXTargetDependency */,
			);
			name = ShotsApp2UITests;
			productName = ShotsApp2UITests;
			productReference = D7AFCB681B303462006B328B /* ShotsApp2UITests.xctest */;
			productType = "com.apple.product-type.bundle.ui-testing";
		};
/* End PBXNativeTarget section */

/* Begin PBXProject section */
		D7AFCB3E1B303461006B328B /* Project object */ = {
			isa = PBXProject;
			attributes = {
				LastUpgradeCheck = 0700;
				ORGANIZATIONNAME = "David Liu";
				TargetAttributes = {
					D7AFCB451B303461006B328B = {
						CreatedOnToolsVersion = 7.0;
					};
					D7AFCB5C1B303462006B328B = {
						CreatedOnToolsVersion = 7.0;
						TestTargetID = D7AFCB451B303461006B328B;
					};
					D7AFCB671B303462006B328B = {
						CreatedOnToolsVersion = 7.0;
						TestTargetID = D7AFCB451B303461006B328B;
					};
				};
			};
			buildConfigurationList = D7AFCB411B303461006B328B /* Build configuration list for PBXProject "ShotsApp2" */;
			compatibilityVersion = "Xcode 3.2";
			developmentRegion = English;
			hasScannedForEncodings = 0;
			knownRegions = (
				en,
				Base,
			);
			mainGroup = D7AFCB3D1B303461006B328B;
			productRefGroup = D7AFCB471B303461006B328B /* Products */;
			projectDirPath = "";
			projectRoot = "";
			targets = (
				D7AFCB451B303461006B328B /* ShotsApp2 */,
				D7AFCB5C1B303462006B328B /* ShotsApp2Tests */,
				D7AFCB671B303462006B328B /* ShotsApp2UITests */,
			);
		};
/* End PBXProject section */

/* Begin PBXResourcesBuildPhase section */
		D7AFCB441B303461006B328B /* Resources */ = {
			isa = PBXResourcesBuildPhase;
			buildActionMask = 2147483647;
			files = (
				D7AFCB7F1B30359F006B328B /* Main.storyboard in Resources */,
				D7E74A461B32AACE006FA3A0 /* Spring in Resources */,
				D7AFCB571B303461006B328B /* LaunchScreen.storyboard in Resources */,
				D7AFCB541B303461006B328B /* Assets.xcassets in Resources */,
			);
			runOnlyForDeploymentPostprocessing = 0;
		};
		D7AFCB5B1B303462006B328B /* Resources */ = {
			isa = PBXResourcesBuildPhase;
			buildActionMask = 2147483647;
			files = (
			);
			runOnlyForDeploymentPostprocessing = 0;
		};
		D7AFCB661B303462006B328B /* Resources */ = {
			isa = PBXResourcesBuildPhase;
			buildActionMask = 2147483647;
			files = (
			);
			runOnlyForDeploymentPostprocessing = 0;
		};
/* End PBXResourcesBuildPhase section */

/* Begin PBXSourcesBuildPhase section */
		D7AFCB421B303461006B328B /* Sources */ = {
			isa = PBXSourcesBuildPhase;
			buildActionMask = 2147483647;
			files = (
				D7C57AB01B32AD3800B504C1 /* ShotsApp2.app in Sources */,
				D74EB64C1B35719900A44A38 /* Data.swift in Sources */,
				D7C57AB11B32AD3800B504C1 /* ShotsApp2Tests.xctest in Sources */,
				D7C57AB21B32AD3800B504C1 /* ShotsApp2UITests.xctest in Sources */,
				D7AFCB521B303461006B328B /* ShotsApp2.xcdatamodeld in Sources */,
				D74EB6501B36448900A44A38 /* Misc.swift in Sources */,
				D7BFF1CE1B319FEE00C6F3B7 /* Home.swift in Sources */,
				D7C57AAF1B32AC3200B504C1 /* BlurView.swift in Sources */,
				D7C57AB41B33A4CF00B504C1 /* SpringAnimation.swift in Sources */,
				D7AFCB4A1B303461006B328B /* AppDelegate.swift in Sources */,
				D7AFCB811B304D08006B328B /* DetailViewController.swift in Sources */,
			);
			runOnlyForDeploymentPostprocessing = 0;
		};
		D7AFCB591B303462006B328B /* Sources */ = {
			isa = PBXSourcesBuildPhase;
			buildActionMask = 2147483647;
			files = (
				D7AFCB621B303462006B328B /* ShotsApp2Tests.swift in Sources */,
			);
			runOnlyForDeploymentPostprocessing = 0;
		};
		D7AFCB641B303462006B328B /* Sources */ = {
			isa = PBXSourcesBuildPhase;
			buildActionMask = 2147483647;
			files = (
				D7AFCB6D1B303462006B328B /* ShotsApp2UITests.swift in Sources */,
			);
			runOnlyForDeploymentPostprocessing = 0;
		};
/* End PBXSourcesBuildPhase section */

/* Begin PBXTargetDependency section */
		D7AFCB5F1B303462006B328B /* PBXTargetDependency */ = {
			isa = PBXTargetDependency;
			target = D7AFCB451B303461006B328B /* ShotsApp2 */;
			targetProxy = D7AFCB5E1B303462006B328B /* PBXContainerItemProxy */;
		};
		D7AFCB6A1B303462006B328B /* PBXTargetDependency */ = {
			isa = PBXTargetDependency;
			target = D7AFCB451B303461006B328B /* ShotsApp2 */;
			targetProxy = D7AFCB691B303462006B328B /* PBXContainerItemProxy */;
		};
/* End PBXTargetDependency section */

/* Begin PBXVariantGroup section */
		D7AFCB551B303461006B328B /* LaunchScreen.storyboard */ = {
			isa = PBXVariantGroup;
			children = (
				D7AFCB561B303461006B328B /* Base */,
			);
			name = LaunchScreen.storyboard;
			sourceTree = "<group>";
		};
/* End PBXVariantGroup section */

/* Begin XCBuildConfiguration section */
		D7AFCB6F1B303462006B328B /* Debug */ = {
			isa = XCBuildConfiguration;
			buildSettings = {
				ALWAYS_SEARCH_USER_PATHS = NO;
				CLANG_CXX_LANGUAGE_STANDARD = "gnu++0x";
				CLANG_CXX_LIBRARY = "libc++";
				CLANG_ENABLE_MODULES = YES;
				CLANG_ENABLE_OBJC_ARC = YES;
				CLANG_WARN_BOOL_CONVERSION = YES;
				CLANG_WARN_CONSTANT_CONVERSION = YES;
				CLANG_WARN_DIRECT_OBJC_ISA_USAGE = YES_ERROR;
				CLANG_WARN_EMPTY_BODY = YES;
				CLANG_WARN_ENUM_CONVERSION = YES;
				CLANG_WARN_INT_CONVERSION = YES;
				CLANG_WARN_OBJC_ROOT_CLASS = YES_ERROR;
				CLANG_WARN_UNREACHABLE_CODE = YES;
				CLANG_WARN__DUPLICATE_METHOD_MATCH = YES;
				"CODE_SIGN_IDENTITY[sdk=iphoneos*]" = "iPhone Developer";
				COPY_PHASE_STRIP = NO;
				DEBUG_INFORMATION_FORMAT = dwarf;
				ENABLE_STRICT_OBJC_MSGSEND = YES;
				ENABLE_TESTABILITY = YES;
				GCC_C_LANGUAGE_STANDARD = gnu99;
				GCC_DYNAMIC_NO_PIC = NO;
				GCC_NO_COMMON_BLOCKS = YES;
				GCC_OPTIMIZATION_LEVEL = 0;
				GCC_PREPROCESSOR_DEFINITIONS = (
					"DEBUG=1",
					"$(inherited)",
				);
				GCC_WARN_64_TO_32_BIT_CONVERSION = YES;
				GCC_WARN_ABOUT_RETURN_TYPE = YES_ERROR;
				GCC_WARN_UNDECLARED_SELECTOR = YES;
				GCC_WARN_UNINITIALIZED_AUTOS = YES_AGGRESSIVE;
				GCC_WARN_UNUSED_FUNCTION = YES;
				GCC_WARN_UNUSED_VARIABLE = YES;
				IPHONEOS_DEPLOYMENT_TARGET = 9.0;
				MTL_ENABLE_DEBUG_INFO = YES;
				ONLY_ACTIVE_ARCH = YES;
				SDKROOT = iphoneos;
				SWIFT_OPTIMIZATION_LEVEL = "-Onone";
				TARGETED_DEVICE_FAMILY = "1,2";
			};
			name = Debug;
		};
		D7AFCB701B303462006B328B /* Release */ = {
			isa = XCBuildConfiguration;
			buildSettings = {
				ALWAYS_SEARCH_USER_PATHS = NO;
				CLANG_CXX_LANGUAGE_STANDARD = "gnu++0x";
				CLANG_CXX_LIBRARY = "libc++";
				CLANG_ENABLE_MODULES = YES;
				CLANG_ENABLE_OBJC_ARC = YES;
				CLANG_WARN_BOOL_CONVERSION = YES;
				CLANG_WARN_CONSTANT_CONVERSION = YES;
				CLANG_WARN_DIRECT_OBJC_ISA_USAGE = YES_ERROR;
				CLANG_WARN_EMPTY_BODY = YES;
				CLANG_WARN_ENUM_CONVERSION = YES;
				CLANG_WARN_INT_CONVERSION = YES;
				CLANG_WARN_OBJC_ROOT_CLASS = YES_ERROR;
				CLANG_WARN_UNREACHABLE_CODE = YES;
				CLANG_WARN__DUPLICATE_METHOD_MATCH = YES;
				"CODE_SIGN_IDENTITY[sdk=iphoneos*]" = "iPhone Developer";
				COPY_PHASE_STRIP = NO;
				DEBUG_INFORMATION_FORMAT = "dwarf-with-dsym";
				ENABLE_NS_ASSERTIONS = NO;
				ENABLE_STRICT_OBJC_MSGSEND = YES;
				GCC_C_LANGUAGE_STANDARD = gnu99;
				GCC_NO_COMMON_BLOCKS = YES;
				GCC_WARN_64_TO_32_BIT_CONVERSION = YES;
				GCC_WARN_ABOUT_RETURN_TYPE = YES_ERROR;
				GCC_WARN_UNDECLARED_SELECTOR = YES;
				GCC_WARN_UNINITIALIZED_AUTOS = YES_AGGRESSIVE;
				GCC_WARN_UNUSED_FUNCTION = YES;
				GCC_WARN_UNUSED_VARIABLE = YES;
				IPHONEOS_DEPLOYMENT_TARGET = 9.0;
				MTL_ENABLE_DEBUG_INFO = NO;
				SDKROOT = iphoneos;
				TARGETED_DEVICE_FAMILY = "1,2";
				VALIDATE_PRODUCT = YES;
			};
			name = Release;
		};
		D7AFCB721B303462006B328B /* Debug */ = {
			isa = XCBuildConfiguration;
			buildSettings = {
				ASSETCATALOG_COMPILER_APPICON_NAME = AppIcon;
				CODE_SIGN_IDENTITY = "iPhone Developer";
				INFOPLIST_FILE = ShotsApp2/Info.plist;
				LD_RUNPATH_SEARCH_PATHS = "$(inherited) @executable_path/Frameworks";
				PRODUCT_BUNDLE_IDENTIFIER = com.DavidLiu.ShotsApp2;
				PRODUCT_NAME = "$(TARGET_NAME)";
			};
			name = Debug;
		};
		D7AFCB731B303462006B328B /* Release */ = {
			isa = XCBuildConfiguration;
			buildSettings = {
				ASSETCATALOG_COMPILER_APPICON_NAME = AppIcon;
				CODE_SIGN_IDENTITY = "iPhone Developer";
				INFOPLIST_FILE = ShotsApp2/Info.plist;
				LD_RUNPATH_SEARCH_PATHS = "$(inherited) @executable_path/Frameworks";
				PRODUCT_BUNDLE_IDENTIFIER = com.DavidLiu.ShotsApp2;
				PRODUCT_NAME = "$(TARGET_NAME)";
			};
			name = Release;
		};
		D7AFCB751B303462006B328B /* Debug */ = {
			isa = XCBuildConfiguration;
			buildSettings = {
				BUNDLE_LOADER = "$(TEST_HOST)";
				INFOPLIST_FILE = ShotsApp2Tests/Info.plist;
				LD_RUNPATH_SEARCH_PATHS = "$(inherited) @executable_path/Frameworks @loader_path/Frameworks";
				PRODUCT_BUNDLE_IDENTIFIER = com.DavidLiu.ShotsApp2Tests;
				PRODUCT_NAME = "$(TARGET_NAME)";
				TEST_HOST = "$(BUILT_PRODUCTS_DIR)/ShotsApp2.app/ShotsApp2";
			};
			name = Debug;
		};
		D7AFCB761B303462006B328B /* Release */ = {
			isa = XCBuildConfiguration;
			buildSettings = {
				BUNDLE_LOADER = "$(TEST_HOST)";
				INFOPLIST_FILE = ShotsApp2Tests/Info.plist;
				LD_RUNPATH_SEARCH_PATHS = "$(inherited) @executable_path/Frameworks @loader_path/Frameworks";
				PRODUCT_BUNDLE_IDENTIFIER = com.DavidLiu.ShotsApp2Tests;
				PRODUCT_NAME = "$(TARGET_NAME)";
				TEST_HOST = "$(BUILT_PRODUCTS_DIR)/ShotsApp2.app/ShotsApp2";
			};
			name = Release;
		};
		D7AFCB781B303462006B328B /* Debug */ = {
			isa = XCBuildConfiguration;
			buildSettings = {
				INFOPLIST_FILE = ShotsApp2UITests/Info.plist;
				LD_RUNPATH_SEARCH_PATHS = "$(inherited) @executable_path/Frameworks @loader_path/Frameworks";
				PRODUCT_BUNDLE_IDENTIFIER = com.DavidLiu.ShotsApp2UITests;
				PRODUCT_NAME = "$(TARGET_NAME)";
				TEST_TARGET_NAME = ShotsApp2;
				USES_XCTRUNNER = YES;
			};
			name = Debug;
		};
		D7AFCB791B303462006B328B /* Release */ = {
			isa = XCBuildConfiguration;
			buildSettings = {
				INFOPLIST_FILE = ShotsApp2UITests/Info.plist;
				LD_RUNPATH_SEARCH_PATHS = "$(inherited) @executable_path/Frameworks @loader_path/Frameworks";
				PRODUCT_BUNDLE_IDENTIFIER = com.DavidLiu.ShotsApp2UITests;
				PRODUCT_NAME = "$(TARGET_NAME)";
				TEST_TARGET_NAME = ShotsApp2;
				USES_XCTRUNNER = YES;
			};
			name = Release;
		};
/* End XCBuildConfiguration section */

/* Begin XCConfigurationList section */
		D7AFCB411B303461006B328B /* Build configuration list for PBXProject "ShotsApp2" */ = {
			isa = XCConfigurationList;
			buildConfigurations = (
				D7AFCB6F1B303462006B328B /* Debug */,
				D7AFCB701B303462006B328B /* Release */,
			);
			defaultConfigurationIsVisible = 0;
			defaultConfigurationName = Release;
		};
		D7AFCB711B303462006B328B /* Build configuration list for PBXNativeTarget "ShotsApp2" */ = {
			isa = XCConfigurationList;
			buildConfigurations = (
				D7AFCB721B303462006B328B /* Debug */,
				D7AFCB731B303462006B328B /* Release */,
			);
			defaultConfigurationIsVisible = 0;
			defaultConfigurationName = Release;
		};
		D7AFCB741B303462006B328B /* Build configuration list for PBXNativeTarget "ShotsApp2Tests" */ = {
			isa = XCConfigurationList;
			buildConfigurations = (
				D7AFCB751B303462006B328B /* Debug */,
				D7AFCB761B303462006B328B /* Release */,
			);
			defaultConfigurationIsVisible = 0;
			defaultConfigurationName = Release;
		};
		D7AFCB771B303462006B328B /* Build configuration list for PBXNativeTarget "ShotsApp2UITests" */ = {
			isa = XCConfigurationList;
			buildConfigurations = (
				D7AFCB781B303462006B328B /* Debug */,
				D7AFCB791B303462006B328B /* Release */,
			);
			defaultConfigurationIsVisible = 0;
			defaultConfigurationName = Release;
		};
/* End XCConfigurationList section */

/* Begin XCVersionGroup section */
		D7AFCB501B303461006B328B /* ShotsApp2.xcdatamodeld */ = {
			isa = XCVersionGroup;
			children = (
				D7AFCB511B303461006B328B /* ShotsApp2.xcdatamodel */,
			);
			currentVersion = D7AFCB511B303461006B328B /* ShotsApp2.xcdatamodel */;
			path = ShotsApp2.xcdatamodeld;
			sourceTree = "<group>";
			versionGroupType = wrapper.xcdatamodel;
		};
/* End XCVersionGroup section */
	};
	rootObject = D7AFCB3E1B303461006B328B /* Project object */;
}
